
Microsoft Visual Studio Solution File, Format Version 12.00
# Visual Studio Version 17
VisualStudioVersion = 17.0.31903.59
MinimumVisualStudioVersion = 10.0.40219.1
Project("{FAE04EC0-301F-11D3-BF4B-00C04F79EFBC}") = "MascotaVirtualConsola", "MascotaVirtualConsola\MascotaVirtualConsola.csproj", "{6C1BD42E-5ECC-47D2-A19B-A32B12ACF738}"
EndProject
Project("{FAE04EC0-301F-11D3-BF4B-00C04F79EFBC}") = "MascotaVirtualBiblioteca", "MascotaVirtualBiblioteca\MascotaVirtualBiblioteca.csproj", "{F18130C4-412D-421D-900F-ED8909BCF4E4}"
EndProject
Project("{FAE04EC0-301F-11D3-BF4B-00C04F79EFBC}") = "MascotaVirtualMVC", "..\MascotaVirtualMVC\MascotaVirtualMVC.csproj", "{31271FB8-8B4A-4B17-B8E1-703369BC76A3}"
EndProject
Global
	GlobalSection(SolutionConfigurationPlatforms) = preSolution
		Debug|Any CPU = Debug|Any CPU
		Debug|x64 = Debug|x64
		Debug|x86 = Debug|x86
		Release|Any CPU = Release|Any CPU
		Release|x64 = Release|x64
		Release|x86 = Release|x86
	EndGlobalSection
	GlobalSection(ProjectConfigurationPlatforms) = postSolution
		{6C1BD42E-5ECC-47D2-A19B-A32B12ACF738}.Debug|Any CPU.ActiveCfg = Debug|Any CPU
		{6C1BD42E-5ECC-47D2-A19B-A32B12ACF738}.Debug|Any CPU.Build.0 = Debug|Any CPU
		{6C1BD42E-5ECC-47D2-A19B-A32B12ACF738}.Debug|x64.ActiveCfg = Debug|Any CPU
		{6C1BD42E-5ECC-47D2-A19B-A32B12ACF738}.Debug|x64.Build.0 = Debug|Any CPU
		{6C1BD42E-5ECC-47D2-A19B-A32B12ACF738}.Debug|x86.ActiveCfg = Debug|Any CPU
		{6C1BD42E-5ECC-47D2-A19B-A32B12ACF738}.Debug|x86.Build.0 = Debug|Any CPU
		{6C1BD42E-5ECC-47D2-A19B-A32B12ACF738}.Release|Any CPU.ActiveCfg = Release|Any CPU
		{6C1BD42E-5ECC-47D2-A19B-A32B12ACF738}.Release|Any CPU.Build.0 = Release|Any CPU
		{6C1BD42E-5ECC-47D2-A19B-A32B12ACF738}.Release|x64.ActiveCfg = Release|Any CPU
		{6C1BD42E-5ECC-47D2-A19B-A32B12ACF738}.Release|x64.Build.0 = Release|Any CPU
		{6C1BD42E-5ECC-47D2-A19B-A32B12ACF738}.Release|x86.ActiveCfg = Release|Any CPU
		{6C1BD42E-5ECC-47D2-A19B-A32B12ACF738}.Release|x86.Build.0 = Release|Any CPU
		{F18130C4-412D-421D-900F-ED8909BCF4E4}.Debug|Any CPU.ActiveCfg = Debug|Any CPU
		{F18130C4-412D-421D-900F-ED8909BCF4E4}.Debug|Any CPU.Build.0 = Debug|Any CPU
		{F18130C4-412D-421D-900F-ED8909BCF4E4}.Debug|x64.ActiveCfg = Debug|Any CPU
		{F18130C4-412D-421D-900F-ED8909BCF4E4}.Debug|x64.Build.0 = Debug|Any CPU
		{F18130C4-412D-421D-900F-ED8909BCF4E4}.Debug|x86.ActiveCfg = Debug|Any CPU
		{F18130C4-412D-421D-900F-ED8909BCF4E4}.Debug|x86.Build.0 = Debug|Any CPU
		{F18130C4-412D-421D-900F-ED8909BCF4E4}.Release|Any CPU.ActiveCfg = Release|Any CPU
		{F18130C4-412D-421D-900F-ED8909BCF4E4}.Release|Any CPU.Build.0 = Release|Any CPU
		{F18130C4-412D-421D-900F-ED8909BCF4E4}.Release|x64.ActiveCfg = Release|Any CPU
		{F18130C4-412D-421D-900F-ED8909BCF4E4}.Release|x64.Build.0 = Release|Any CPU
		{F18130C4-412D-421D-900F-ED8909BCF4E4}.Release|x86.ActiveCfg = Release|Any CPU
		{F18130C4-412D-421D-900F-ED8909BCF4E4}.Release|x86.Build.0 = Release|Any CPU
		{31271FB8-8B4A-4B17-B8E1-703369BC76A3}.Debug|Any CPU.ActiveCfg = Debug|Any CPU
		{31271FB8-8B4A-4B17-B8E1-703369BC76A3}.Debug|Any CPU.Build.0 = Debug|Any CPU
		{31271FB8-8B4A-4B17-B8E1-703369BC76A3}.Debug|x64.ActiveCfg = Debug|Any CPU
		{31271FB8-8B4A-4B17-B8E1-703369BC76A3}.Debug|x64.Build.0 = Debug|Any CPU
		{31271FB8-8B4A-4B17-B8E1-703369BC76A3}.Debug|x86.ActiveCfg = Debug|Any CPU
		{31271FB8-8B4A-4B17-B8E1-703369BC76A3}.Debug|x86.Build.0 = Debug|Any CPU
		{31271FB8-8B4A-4B17-B8E1-703369BC76A3}.Release|Any CPU.ActiveCfg = Release|Any CPU
		{31271FB8-8B4A-4B17-B8E1-703369BC76A3}.Release|Any CPU.Build.0 = Release|Any CPU
		{31271FB8-8B4A-4B17-B8E1-703369BC76A3}.Release|x64.ActiveCfg = Release|Any CPU
		{31271FB8-8B4A-4B17-B8E1-703369BC76A3}.Release|x64.Build.0 = Release|Any CPU
		{31271FB8-8B4A-4B17-B8E1-703369BC76A3}.Release|x86.ActiveCfg = Release|Any CPU
		{31271FB8-8B4A-4B17-B8E1-703369BC76A3}.Release|x86.Build.0 = Release|Any CPU
	EndGlobalSection
	GlobalSection(SolutionProperties) = preSolution
		HideSolutionNode = FALSE
	EndGlobalSection
EndGlobal
